
Microsoft Visual Studio Solution File, Format Version 12.00
# Visual Studio Version 17
VisualStudioVersion = 17.0.31903.59
MinimumVisualStudioVersion = 10.0.40219.1
Project("{FAE04EC0-301F-11D3-BF4B-00C04F79EFBC}") = "Ecommerce.Api", "Ecommerce.Api\Ecommerce.Api.csproj", "{B2D42530-9537-4C85-AF32-F4FFB4E09475}"
EndProject
Project("{FAE04EC0-301F-11D3-BF4B-00C04F79EFBC}") = "Ecommerce.Entities", "Ecommerce.Entities\Ecommerce.Entities.csproj", "{670ED234-4AFF-491F-B933-F55137B688C8}"
EndProject
Project("{FAE04EC0-301F-11D3-BF4B-00C04F79EFBC}") = "Ecommerce.DataService", "Ecommerce.DataService\Ecommerce.DataService.csproj", "{8B637899-CBC9-4AB4-8620-8216F47B7775}"
EndProject
Global
	GlobalSection(SolutionConfigurationPlatforms) = preSolution
		Debug|Any CPU = Debug|Any CPU
		Release|Any CPU = Release|Any CPU
	EndGlobalSection
	GlobalSection(SolutionProperties) = preSolution
		HideSolutionNode = FALSE
	EndGlobalSection
	GlobalSection(ProjectConfigurationPlatforms) = postSolution
		{B2D42530-9537-4C85-AF32-F4FFB4E09475}.Debug|Any CPU.ActiveCfg = Debug|Any CPU
		{B2D42530-9537-4C85-AF32-F4FFB4E09475}.Debug|Any CPU.Build.0 = Debug|Any CPU
		{B2D42530-9537-4C85-AF32-F4FFB4E09475}.Release|Any CPU.ActiveCfg = Release|Any CPU
		{B2D42530-9537-4C85-AF32-F4FFB4E09475}.Release|Any CPU.Build.0 = Release|Any CPU
		{670ED234-4AFF-491F-B933-F55137B688C8}.Debug|Any CPU.ActiveCfg = Debug|Any CPU
		{670ED234-4AFF-491F-B933-F55137B688C8}.Debug|Any CPU.Build.0 = Debug|Any CPU
		{670ED234-4AFF-491F-B933-F55137B688C8}.Release|Any CPU.ActiveCfg = Release|Any CPU
		{670ED234-4AFF-491F-B933-F55137B688C8}.Release|Any CPU.Build.0 = Release|Any CPU
		{8B637899-CBC9-4AB4-8620-8216F47B7775}.Debug|Any CPU.ActiveCfg = Debug|Any CPU
		{8B637899-CBC9-4AB4-8620-8216F47B7775}.Debug|Any CPU.Build.0 = Debug|Any CPU
		{8B637899-CBC9-4AB4-8620-8216F47B7775}.Release|Any CPU.ActiveCfg = Release|Any CPU
		{8B637899-CBC9-4AB4-8620-8216F47B7775}.Release|Any CPU.Build.0 = Release|Any CPU
	EndGlobalSection
EndGlobal
